
Microsoft Visual Studio Solution File, Format Version 12.00
# Visual Studio 15
VisualStudioVersion = 15.0.28010.2019
MinimumVisualStudioVersion = 10.0.40219.1
Project("{FAE04EC0-301F-11D3-BF4B-00C04F79EFBC}") = "Business_logic", "Business_logic\Business_logic.csproj", "{A122F532-8A7C-451F-992D-4E33BF9F7517}"
EndProject
Project("{FAE04EC0-301F-11D3-BF4B-00C04F79EFBC}") = "Business_logic.Tests", "Business_logic.Tests\Business_logic.Tests.csproj", "{CD757AF4-4FD6-4F2B-A059-A479F8CF9ACE}"
EndProject
Global
	GlobalSection(SolutionConfigurationPlatforms) = preSolution
		Debug|Any CPU = Debug|Any CPU
		Release|Any CPU = Release|Any CPU
	EndGlobalSection
	GlobalSection(ProjectConfigurationPlatforms) = postSolution
		{A122F532-8A7C-451F-992D-4E33BF9F7517}.Debug|Any CPU.ActiveCfg = Debug|Any CPU
		{A122F532-8A7C-451F-992D-4E33BF9F7517}.Debug|Any CPU.Build.0 = Debug|Any CPU
		{A122F532-8A7C-451F-992D-4E33BF9F7517}.Release|Any CPU.ActiveCfg = Release|Any CPU
		{A122F532-8A7C-451F-992D-4E33BF9F7517}.Release|Any CPU.Build.0 = Release|Any CPU
		{CD757AF4-4FD6-4F2B-A059-A479F8CF9ACE}.Debug|Any CPU.ActiveCfg = Debug|Any CPU
		{CD757AF4-4FD6-4F2B-A059-A479F8CF9ACE}.Debug|Any CPU.Build.0 = Debug|Any CPU
		{CD757AF4-4FD6-4F2B-A059-A479F8CF9ACE}.Release|Any CPU.ActiveCfg = Release|Any CPU
		{CD757AF4-4FD6-4F2B-A059-A479F8CF9ACE}.Release|Any CPU.Build.0 = Release|Any CPU
	EndGlobalSection
	GlobalSection(SolutionProperties) = preSolution
		HideSolutionNode = FALSE
	EndGlobalSection
	GlobalSection(ExtensibilityGlobals) = postSolution
		SolutionGuid = {88959185-840D-4D13-BFCA-60C5AAAA851F}
	EndGlobalSection
EndGlobal
